#
# This file is autogenerated by pip-compile with Python 3.11
# by the following command:
#
#    pip-compile --allow-unsafe --output-file=requirements.lock --strip-extras requirements.txt
#
alembic==1.18.4
    # via -r requirements.txt
amqp==5.3.1
    # via kombu
annotated-doc==0.0.4
    # via fastapi
annotated-types==0.7.0
    # via pydantic
anyio==4.14.0
    # via
    #   httpx
    #   openai
    #   starlette
    #   watchfiles
apscheduler==3.11.2
    # via -r requirements.txt
bcrypt==4.1.2
    # via
    #   -r requirements.txt
    #   passlib
billiard==4.2.4
    # via celery
boto3==1.43.32
    # via -r requirements.txt
botocore==1.43.32
    # via
    #   boto3
    #   s3transfer
celery==5.6.3
    # via -r requirements.txt
certifi==2026.6.17
    # via
    #   httpcore
    #   httpx
    #   requests
cffi==2.0.0
    # via cryptography
chardet==7.4.3
    # via -r requirements.txt
charset-normalizer==3.4.7
    # via
    #   pdfminer-six
    #   reportlab
    #   requests
click==8.4.1
    # via
    #   celery
    #   click-didyoumean
    #   click-plugins
    #   click-repl
    #   uvicorn
click-didyoumean==0.3.1
    # via celery
click-plugins==1.1.1.2
    # via celery
click-repl==0.3.0
    # via celery
cmdstanpy==1.3.0
    # via prophet
colorlog==6.10.1
    # via -r requirements.txt
contourpy==1.3.3
    # via matplotlib
coverage==7.14.1
    # via pytest-cov
cryptography==49.0.0
    # via pdfminer-six
cycler==0.12.1
    # via matplotlib
deprecated==1.3.1
    # via limits
defusedxml==0.7.1
    # via -r requirements.txt
distro==1.9.0
    # via openai
dnspython==2.8.0
    # via email-validator
email-validator==2.3.0
    # via -r requirements.txt
et-xmlfile==2.0.0
    # via openpyxl
fastapi==0.137.2
    # via -r requirements.txt
fonttools==4.63.0
    # via matplotlib
greenlet==3.5.2
    # via sqlalchemy
h11==0.16.0
    # via
    #   httpcore
    #   uvicorn
holidays==0.99
    # via prophet
httpcore==1.0.9
    # via httpx
httptools==0.8.0
    # via uvicorn
httpx==0.28.1
    # via
    #   -r requirements.txt
    #   openai
idna==3.18
    # via
    #   anyio
    #   email-validator
    #   httpx
    #   requests
importlib-resources==7.1.0
    # via prophet
iniconfig==2.3.0
    # via pytest
jiter==0.15.0
    # via openai
jmespath==1.1.0
    # via
    #   boto3
    #   botocore
kiwisolver==1.5.0
    # via matplotlib
kombu==5.6.2
    # via celery
limits==5.8.0
    # via slowapi
mako==1.3.12
    # via alembic
markupsafe==3.0.3
    # via mako
matplotlib==3.11.0
    # via
    #   -r requirements.txt
    #   prophet
narwhals==2.22.1
    # via plotly
numpy==2.4.6
    # via
    #   cmdstanpy
    #   contourpy
    #   matplotlib
    #   pandas
    #   prophet
    #   stanio
openai==2.43.0
    # via -r requirements.txt
openpyxl==3.1.5
    # via -r requirements.txt
packaging==26.2
    # via
    #   kombu
    #   limits
    #   matplotlib
    #   plotly
    #   pytest
pandas==3.0.3
    # via
    #   -r requirements.txt
    #   cmdstanpy
    #   prophet
passlib==1.7.4
    # via -r requirements.txt
pdfminer-six==20260107
    # via pdfplumber
pdfplumber==0.11.10
    # via -r requirements.txt
pillow==12.2.0
    # via
    #   -r requirements.txt
    #   matplotlib
    #   pdfplumber
    #   reportlab
plotly==6.8.0
    # via -r requirements.txt
pluggy==1.6.0
    # via
    #   pytest
    #   pytest-cov
prompt-toolkit==3.0.52
    # via click-repl
prophet==1.3.0
    # via -r requirements.txt
psutil==7.2.2
    # via -r requirements.txt
psycopg2-binary==2.9.12
    # via -r requirements.txt
pycparser==3.0
    # via cffi
pycryptodome==3.23.0
    # via -r requirements.txt
pydantic==2.13.4
    # via
    #   -r requirements.txt
    #   fastapi
    #   openai
    #   pydantic-settings
pydantic-core==2.46.4
    # via pydantic
pydantic-settings==2.14.1
    # via -r requirements.txt
pygments==2.20.0
    # via pytest
pyjwt==2.13.0
    # via -r requirements.txt
pyparsing==3.3.2
    # via matplotlib
pypdfium2==5.10.1
    # via pdfplumber
pytest==9.1.0
    # via
    #   -r requirements.txt
    #   pytest-asyncio
    #   pytest-cov
pytest-asyncio==1.4.0
    # via -r requirements.txt
pytest-cov==7.1.0
    # via -r requirements.txt
python-dateutil==2.9.0.post0
    # via
    #   -r requirements.txt
    #   botocore
    #   celery
    #   holidays
    #   matplotlib
    #   pandas
python-dotenv==1.2.2
    # via
    #   -r requirements.txt
    #   pydantic-settings
    #   uvicorn
python-multipart==0.0.32
    # via -r requirements.txt
pytz==2026.2
    # via -r requirements.txt
pyyaml==6.0.3
    # via uvicorn
redis==8.0.0
    # via -r requirements.txt
reportlab==5.0.0
    # via -r requirements.txt
requests==2.34.2
    # via -r requirements.txt
s3transfer==0.19.0
    # via boto3
six==1.17.0
    # via python-dateutil
slowapi==0.1.10
    # via -r requirements.txt
sniffio==1.3.1
    # via openai
sqlalchemy==2.0.51
    # via
    #   -r requirements.txt
    #   alembic
stanio==0.5.1
    # via cmdstanpy
starlette==1.3.1
    # via
    #   -r requirements.txt
    #   fastapi
tqdm==4.68.3
    # via
    #   cmdstanpy
    #   openai
    #   prophet
typing-extensions==4.15.0
    # via
    #   alembic
    #   anyio
    #   fastapi
    #   limits
    #   openai
    #   pydantic
    #   pydantic-core
    #   pytest-asyncio
    #   sqlalchemy
    #   starlette
    #   typing-inspection
typing-inspection==0.4.2
    # via
    #   fastapi
    #   pydantic
    #   pydantic-settings
tzdata==2026.2
    # via kombu
tzlocal==5.4.3
    # via
    #   -r requirements.txt
    #   apscheduler
    #   celery
urllib3==2.7.0
    # via
    #   botocore
    #   requests
uvicorn==0.49.0
    # via -r requirements.txt
uvloop==0.22.1
    # via uvicorn
vine==5.1.0
    # via
    #   amqp
    #   celery
    #   kombu
watchfiles==1.2.0
    # via uvicorn
wcwidth==0.8.1
    # via prompt-toolkit
websockets==16.0
    # via uvicorn
wrapt==2.2.1
    # via deprecated
